
Microsoft Visual Studio Solution File, Format Version 12.00
# Visual Studio Version 17
VisualStudioVersion = 17.9.34701.34
MinimumVisualStudioVersion = 10.0.40219.1
Project("{FAE04EC0-301F-11D3-BF4B-00C04F79EFBC}") = "GameAPI", "GameAPI\GameAPI.csproj", "{55AF053E-B63B-4725-84CD-363ED4B1F2E8}"
EndProject
Project("{FAE04EC0-301F-11D3-BF4B-00C04F79EFBC}") = "GameAPI_DAL", "GameAPI_DAL\GameAPI_DAL.csproj", "{4072AF17-7272-4F06-A1E2-8328E5A53142}"
EndProject
Project("{FAE04EC0-301F-11D3-BF4B-00C04F79EFBC}") = "GameAPI_BLL", "GameAPI_BLL\GameAPI_BLL.csproj", "{37A25130-FE0A-4F60-8706-A02B79CDE6B5}"
EndProject
Project("{00D1A9C2-B5F0-4AF3-8072-F6C62B433612}") = "GameAPI_DB", "GameAPI_DB\GameAPI_DB.sqlproj", "{600AA90F-3F0F-4235-8947-18BB061F4418}"
EndProject
Global
	GlobalSection(SolutionConfigurationPlatforms) = preSolution
		Debug|Any CPU = Debug|Any CPU
		Release|Any CPU = Release|Any CPU
	EndGlobalSection
	GlobalSection(ProjectConfigurationPlatforms) = postSolution
		{55AF053E-B63B-4725-84CD-363ED4B1F2E8}.Debug|Any CPU.ActiveCfg = Debug|Any CPU
		{55AF053E-B63B-4725-84CD-363ED4B1F2E8}.Debug|Any CPU.Build.0 = Debug|Any CPU
		{55AF053E-B63B-4725-84CD-363ED4B1F2E8}.Release|Any CPU.ActiveCfg = Release|Any CPU
		{55AF053E-B63B-4725-84CD-363ED4B1F2E8}.Release|Any CPU.Build.0 = Release|Any CPU
		{4072AF17-7272-4F06-A1E2-8328E5A53142}.Debug|Any CPU.ActiveCfg = Debug|Any CPU
		{4072AF17-7272-4F06-A1E2-8328E5A53142}.Debug|Any CPU.Build.0 = Debug|Any CPU
		{4072AF17-7272-4F06-A1E2-8328E5A53142}.Release|Any CPU.ActiveCfg = Release|Any CPU
		{4072AF17-7272-4F06-A1E2-8328E5A53142}.Release|Any CPU.Build.0 = Release|Any CPU
		{37A25130-FE0A-4F60-8706-A02B79CDE6B5}.Debug|Any CPU.ActiveCfg = Debug|Any CPU
		{37A25130-FE0A-4F60-8706-A02B79CDE6B5}.Debug|Any CPU.Build.0 = Debug|Any CPU
		{37A25130-FE0A-4F60-8706-A02B79CDE6B5}.Release|Any CPU.ActiveCfg = Release|Any CPU
		{37A25130-FE0A-4F60-8706-A02B79CDE6B5}.Release|Any CPU.Build.0 = Release|Any CPU
		{600AA90F-3F0F-4235-8947-18BB061F4418}.Debug|Any CPU.ActiveCfg = Debug|Any CPU
		{600AA90F-3F0F-4235-8947-18BB061F4418}.Debug|Any CPU.Build.0 = Debug|Any CPU
		{600AA90F-3F0F-4235-8947-18BB061F4418}.Debug|Any CPU.Deploy.0 = Debug|Any CPU
		{600AA90F-3F0F-4235-8947-18BB061F4418}.Release|Any CPU.ActiveCfg = Release|Any CPU
		{600AA90F-3F0F-4235-8947-18BB061F4418}.Release|Any CPU.Build.0 = Release|Any CPU
		{600AA90F-3F0F-4235-8947-18BB061F4418}.Release|Any CPU.Deploy.0 = Release|Any CPU
	EndGlobalSection
	GlobalSection(SolutionProperties) = preSolution
		HideSolutionNode = FALSE
	EndGlobalSection
	GlobalSection(ExtensibilityGlobals) = postSolution
		SolutionGuid = {5784A940-02C6-4957-9FB3-A0B8811CA874}
	EndGlobalSection
EndGlobal
